
Microsoft Visual Studio Solution File, Format Version 12.00
# Visual Studio Version 17
VisualStudioVersion = 17.4.33122.133
MinimumVisualStudioVersion = 10.0.40219.1
Project("{FAE04EC0-301F-11D3-BF4B-00C04F79EFBC}") = "WpfApp3", "WpfApp3.csproj", "{8428B043-7A2D-42CC-8BCB-FCA8C81B2C99}"
EndProject
Global
	GlobalSection(SolutionConfigurationPlatforms) = preSolution
		Debug|Any CPU = Debug|Any CPU
		Release|Any CPU = Release|Any CPU
	EndGlobalSection
	GlobalSection(ProjectConfigurationPlatforms) = postSolution
		{8428B043-7A2D-42CC-8BCB-FCA8C81B2C99}.Debug|Any CPU.ActiveCfg = Debug|Any CPU
		{8428B043-7A2D-42CC-8BCB-FCA8C81B2C99}.Debug|Any CPU.Build.0 = Debug|Any CPU
		{8428B043-7A2D-42CC-8BCB-FCA8C81B2C99}.Release|Any CPU.ActiveCfg = Release|Any CPU
		{8428B043-7A2D-42CC-8BCB-FCA8C81B2C99}.Release|Any CPU.Build.0 = Release|Any CPU
	EndGlobalSection
	GlobalSection(SolutionProperties) = preSolution
		HideSolutionNode = FALSE
	EndGlobalSection
	GlobalSection(ExtensibilityGlobals) = postSolution
		SolutionGuid = {2E09B14D-D119-4D8D-A266-A1F2170F8E6B}
	EndGlobalSection
EndGlobal
